
Microsoft Visual Studio Solution File, Format Version 12.00
# Visual Studio 15
VisualStudioVersion = 15.0.27130.2024
MinimumVisualStudioVersion = 10.0.40219.1
Project("{FAE04EC0-301F-11D3-BF4B-00C04F79EFBC}") = "Asgn1_0321343_HENG", "Asgn1_0321343_HENG\Asgn1_0321343_HENG.csproj", "{51B6CA33-DD95-4AA8-99A6-3DC802227391}"
EndProject
Global
	GlobalSection(SolutionConfigurationPlatforms) = preSolution
		Debug|Any CPU = Debug|Any CPU
		Release|Any CPU = Release|Any CPU
	EndGlobalSection
	GlobalSection(ProjectConfigurationPlatforms) = postSolution
		{51B6CA33-DD95-4AA8-99A6-3DC802227391}.Debug|Any CPU.ActiveCfg = Debug|Any CPU
		{51B6CA33-DD95-4AA8-99A6-3DC802227391}.Debug|Any CPU.Build.0 = Debug|Any CPU
		{51B6CA33-DD95-4AA8-99A6-3DC802227391}.Release|Any CPU.ActiveCfg = Release|Any CPU
		{51B6CA33-DD95-4AA8-99A6-3DC802227391}.Release|Any CPU.Build.0 = Release|Any CPU
	EndGlobalSection
	GlobalSection(SolutionProperties) = preSolution
		HideSolutionNode = FALSE
	EndGlobalSection
	GlobalSection(ExtensibilityGlobals) = postSolution
		SolutionGuid = {2B946FA5-20A6-494B-B3AF-30922587C0FA}
	EndGlobalSection
EndGlobal
